// !$*UTF8*$!
{
	archiveVersion = 1;
	classes = {
	};
	objectVersion = 48;
	objects = {

/* Begin PBXBuildFile section */
		D417F590204B2B0C00BDFDDC /* CustomerModel.swift in Sources */ = {isa = PBXBuildFile; fileRef = D417F58F204B2B0C00BDFDDC /* CustomerModel.swift */; };
		D4FA6FFD2048F644001B38A1 /* CustomerTableViewController.swift in Sources */ = {isa = PBXBuildFile; fileRef = D4FA6FFC2048F644001B38A1 /* CustomerTableViewController.swift */; };
		D4FA6FFF2048FAE4001B38A1 /* UsedCarTableViewController.swift in Sources */ = {isa = PBXBuildFile; fileRef = D4FA6FFE2048FAE4001B38A1 /* UsedCarTableViewController.swift */; };
		D4FA70032048FE00001B38A1 /* CustomerViewController.swift in Sources */ = {isa = PBXBuildFile; fileRef = D4FA70022048FE00001B38A1 /* CustomerViewController.swift */; };
		D4FA70052048FE63001B38A1 /* UsedCarViewController.swift in Sources */ = {isa = PBXBuildFile; fileRef = D4FA70042048FE63001B38A1 /* UsedCarViewController.swift */; };
		D4FA7009204904FF001B38A1 /* NewCarTableTableViewController.swift in Sources */ = {isa = PBXBuildFile; fileRef = D4FA7008204904FF001B38A1 /* NewCarTableTableViewController.swift */; };
		D4FA700B204905A5001B38A1 /* NewCarViewController.swift in Sources */ = {isa = PBXBuildFile; fileRef = D4FA700A204905A5001B38A1 /* NewCarViewController.swift */; };
		D798B146203B4A34008753F8 /* AppDelegate.swift in Sources */ = {isa = PBXBuildFile; fileRef = D798B145203B4A34008753F8 /* AppDelegate.swift */; };
		D798B148203B4A34008753F8 /* ViewController.swift in Sources */ = {isa = PBXBuildFile; fileRef = D798B147203B4A34008753F8 /* ViewController.swift */; };
		D798B14B203B4A34008753F8 /* Main.storyboard in Resources */ = {isa = PBXBuildFile; fileRef = D798B149203B4A34008753F8 /* Main.storyboard */; };
		D798B14E203B4A34008753F8 /* NorthGeorgiaHonda.xcdatamodeld in Sources */ = {isa = PBXBuildFile; fileRef = D798B14C203B4A34008753F8 /* NorthGeorgiaHonda.xcdatamodeld */; };
		D798B150203B4A34008753F8 /* Assets.xcassets in Resources */ = {isa = PBXBuildFile; fileRef = D798B14F203B4A34008753F8 /* Assets.xcassets */; };
		D798B153203B4A34008753F8 /* LaunchScreen.storyboard in Resources */ = {isa = PBXBuildFile; fileRef = D798B151203B4A34008753F8 /* LaunchScreen.storyboard */; };
/* End PBXBuildFile section */

/* Begin PBXFileReference section */
		D417F58F204B2B0C00BDFDDC /* CustomerModel.swift */ = {isa = PBXFileReference; lastKnownFileType = sourcecode.swift; path = CustomerModel.swift; sourceTree = "<group>"; };
		D4FA6FFC2048F644001B38A1 /* CustomerTableViewController.swift */ = {isa = PBXFileReference; lastKnownFileType = sourcecode.swift; path = CustomerTableViewController.swift; sourceTree = "<group>"; };
		D4FA6FFE2048FAE4001B38A1 /* UsedCarTableViewController.swift */ = {isa = PBXFileReference; lastKnownFileType = sourcecode.swift; path = UsedCarTableViewController.swift; sourceTree = "<group>"; };
		D4FA70022048FE00001B38A1 /* CustomerViewController.swift */ = {isa = PBXFileReference; lastKnownFileType = sourcecode.swift; path = CustomerViewController.swift; sourceTree = "<group>"; };
		D4FA70042048FE63001B38A1 /* UsedCarViewController.swift */ = {isa = PBXFileReference; lastKnownFileType = sourcecode.swift; path = UsedCarViewController.swift; sourceTree = "<group>"; };
		D4FA7008204904FF001B38A1 /* NewCarTableTableViewController.swift */ = {isa = PBXFileReference; lastKnownFileType = sourcecode.swift; path = NewCarTableTableViewController.swift; sourceTree = "<group>"; };
		D4FA700A204905A5001B38A1 /* NewCarViewController.swift */ = {isa = PBXFileReference; lastKnownFileType = sourcecode.swift; path = NewCarViewController.swift; sourceTree = "<group>"; };
		D798B142203B4A34008753F8 /* NorthGeorgiaHonda.app */ = {isa = PBXFileReference; explicitFileType = wrapper.application; includeInIndex = 0; path = NorthGeorgiaHonda.app; sourceTree = BUILT_PRODUCTS_DIR; };
		D798B145203B4A34008753F8 /* AppDelegate.swift */ = {isa = PBXFileReference; lastKnownFileType = sourcecode.swift; path = AppDelegate.swift; sourceTree = "<group>"; };
		D798B147203B4A34008753F8 /* ViewController.swift */ = {isa = PBXFileReference; lastKnownFileType = sourcecode.swift; path = ViewController.swift; sourceTree = "<group>"; };
		D798B14A203B4A34008753F8 /* Base */ = {isa = PBXFileReference; lastKnownFileType = file.storyboard; name = Base; path = Base.lproj/Main.storyboard; sourceTree = "<group>"; };
		D798B14D203B4A34008753F8 /* NorthGeorgiaHonda.xcdatamodel */ = {isa = PBXFileReference; lastKnownFileType = wrapper.xcdatamodel; path = NorthGeorgiaHonda.xcdatamodel; sourceTree = "<group>"; };
		D798B14F203B4A34008753F8 /* Assets.xcassets */ = {isa = PBXFileReference; lastKnownFileType = folder.assetcatalog; path = Assets.xcassets; sourceTree = "<group>"; };
		D798B152203B4A34008753F8 /* Base */ = {isa = PBXFileReference; lastKnownFileType = file.storyboard; name = Base; path = Base.lproj/LaunchScreen.storyboard; sourceTree = "<group>"; };
		D798B154203B4A34008753F8 /* Info.plist */ = {isa = PBXFileReference; lastKnownFileType = text.plist.xml; path = Info.plist; sourceTree = "<group>"; };
/* End PBXFileReference section */

/* Begin PBXFrameworksBuildPhase section */
		D798B13F203B4A34008753F8 /* Frameworks */ = {
			isa = PBXFrameworksBuildPhase;
			buildActionMask = 2147483647;
			files = (
			);
			runOnlyForDeploymentPostprocessing = 0;
		};
/* End PBXFrameworksBuildPhase section */

/* Begin PBXGroup section */
		D4FA70002048FC7E001B38A1 /* ViewControllers */ = {
			isa = PBXGroup;
			children = (
				D798B147203B4A34008753F8 /* ViewController.swift */,
				D4FA70022048FE00001B38A1 /* CustomerViewController.swift */,
				D4FA70042048FE63001B38A1 /* UsedCarViewController.swift */,
				D4FA700A204905A5001B38A1 /* NewCarViewController.swift */,
			);
			path = ViewControllers;
			sourceTree = "<group>";
		};
		D4FA70012048FC92001B38A1 /* TableViewControllers */ = {
			isa = PBXGroup;
			children = (
				D4FA6FFC2048F644001B38A1 /* CustomerTableViewController.swift */,
				D4FA6FFE2048FAE4001B38A1 /* UsedCarTableViewController.swift */,
				D4FA7008204904FF001B38A1 /* NewCarTableTableViewController.swift */,
			);
			path = TableViewControllers;
			sourceTree = "<group>";
		};
		D4FA70072048FED9001B38A1 /* Models */ = {
			isa = PBXGroup;
			children = (
				D417F58F204B2B0C00BDFDDC /* CustomerModel.swift */,
			);
			path = Models;
			sourceTree = "<group>";
		};
		D798B139203B4A33008753F8 = {
			isa = PBXGroup;
			children = (
				D798B144203B4A34008753F8 /* NorthGeorgiaHonda */,
				D798B143203B4A34008753F8 /* Products */,
			);
			sourceTree = "<group>";
		};
		D798B143203B4A34008753F8 /* Products */ = {
			isa = PBXGroup;
			children = (
				D798B142203B4A34008753F8 /* NorthGeorgiaHonda.app */,
			);
			name = Products;
			sourceTree = "<group>";
		};
		D798B144203B4A34008753F8 /* NorthGeorgiaHonda */ = {
			isa = PBXGroup;
			children = (
				D4FA70072048FED9001B38A1 /* Models */,
				D4FA70012048FC92001B38A1 /* TableViewControllers */,
				D4FA70002048FC7E001B38A1 /* ViewControllers */,
				D798B145203B4A34008753F8 /* AppDelegate.swift */,
				D798B149203B4A34008753F8 /* Main.storyboard */,
				D798B14F203B4A34008753F8 /* Assets.xcassets */,
				D798B151203B4A34008753F8 /* LaunchScreen.storyboard */,
				D798B154203B4A34008753F8 /* Info.plist */,
				D798B14C203B4A34008753F8 /* NorthGeorgiaHonda.xcdatamodeld */,
			);
			path = NorthGeorgiaHonda;
			sourceTree = "<group>";
		};
/* End PBXGroup section */

/* Begin PBXNativeTarget section */
		D798B141203B4A34008753F8 /* NorthGeorgiaHonda */ = {
			isa = PBXNativeTarget;
			buildConfigurationList = D798B157203B4A34008753F8 /* Build configuration list for PBXNativeTarget "NorthGeorgiaHonda" */;
			buildPhases = (
				D798B13E203B4A34008753F8 /* Sources */,
				D798B13F203B4A34008753F8 /* Frameworks */,
				D798B140203B4A34008753F8 /* Resources */,
			);
			buildRules = (
			);
			dependencies = (
			);
			name = NorthGeorgiaHonda;
			productName = NorthGeorgiaHonda;
			productReference = D798B142203B4A34008753F8 /* NorthGeorgiaHonda.app */;
			productType = "com.apple.product-type.application";
		};
/* End PBXNativeTarget section */

/* Begin PBXProject section */
		D798B13A203B4A33008753F8 /* Project object */ = {
			isa = PBXProject;
			attributes = {
				LastSwiftUpdateCheck = 0920;
				LastUpgradeCheck = 0920;
				ORGANIZATIONNAME = "UNG CSCI3660";
				TargetAttributes = {
					D798B141203B4A34008753F8 = {
						CreatedOnToolsVersion = 9.2;
						ProvisioningStyle = Automatic;
					};
				};
			};
			buildConfigurationList = D798B13D203B4A33008753F8 /* Build configuration list for PBXProject "NorthGeorgiaHonda" */;
			compatibilityVersion = "Xcode 8.0";
			developmentRegion = en;
			hasScannedForEncodings = 0;
			knownRegions = (
				en,
				Base,
			);
			mainGroup = D798B139203B4A33008753F8;
			productRefGroup = D798B143203B4A34008753F8 /* Products */;
			projectDirPath = "";
			projectRoot = "";
			targets = (
				D798B141203B4A34008753F8 /* NorthGeorgiaHonda */,
			);
		};
/* End PBXProject section */

/* Begin PBXResourcesBuildPhase section */
		D798B140203B4A34008753F8 /* Resources */ = {
			isa = PBXResourcesBuildPhase;
			buildActionMask = 2147483647;
			files = (
				D798B153203B4A34008753F8 /* LaunchScreen.storyboard in Resources */,
				D798B150203B4A34008753F8 /* Assets.xcassets in Resources */,
				D798B14B203B4A34008753F8 /* Main.storyboard in Resources */,
			);
			runOnlyForDeploymentPostprocessing = 0;
		};
/* End PBXResourcesBuildPhase section */

/* Begin PBXSourcesBuildPhase section */
		D798B13E203B4A34008753F8 /* Sources */ = {
			isa = PBXSourcesBuildPhase;
			buildActionMask = 2147483647;
			files = (
				D4FA70032048FE00001B38A1 /* CustomerViewController.swift in Sources */,
				D4FA70052048FE63001B38A1 /* UsedCarViewController.swift in Sources */,
				D798B148203B4A34008753F8 /* ViewController.swift in Sources */,
				D417F590204B2B0C00BDFDDC /* CustomerModel.swift in Sources */,
				D4FA700B204905A5001B38A1 /* NewCarViewController.swift in Sources */,
				D798B146203B4A34008753F8 /* AppDelegate.swift in Sources */,
				D798B14E203B4A34008753F8 /* NorthGeorgiaHonda.xcdatamodeld in Sources */,
				D4FA6FFD2048F644001B38A1 /* CustomerTableViewController.swift in Sources */,
				D4FA7009204904FF001B38A1 /* NewCarTableTableViewController.swift in Sources */,
				D4FA6FFF2048FAE4001B38A1 /* UsedCarTableViewController.swift in Sources */,
			);
			runOnlyForDeploymentPostprocessing = 0;
		};
/* End PBXSourcesBuildPhase section */

/* Begin PBXVariantGroup section */
		D798B149203B4A34008753F8 /* Main.storyboard */ = {
			isa = PBXVariantGroup;
			children = (
				D798B14A203B4A34008753F8 /* Base */,
			);
			name = Main.storyboard;
			sourceTree = "<group>";
		};
		D798B151203B4A34008753F8 /* LaunchScreen.storyboard */ = {
			isa = PBXVariantGroup;
			children = (
				D798B152203B4A34008753F8 /* Base */,
			);
			name = LaunchScreen.storyboard;
			sourceTree = "<group>";
		};
/* End PBXVariantGroup section */

/* Begin XCBuildConfiguration section */
		D798B155203B4A34008753F8 /* Debug */ = {
			isa = XCBuildConfiguration;
			buildSettings = {
				ALWAYS_SEARCH_USER_PATHS = NO;
				CLANG_ANALYZER_NONNULL = YES;
				CLANG_ANALYZER_NUMBER_OBJECT_CONVERSION = YES_AGGRESSIVE;
				CLANG_CXX_LANGUAGE_STANDARD = "gnu++14";
				CLANG_CXX_LIBRARY = "libc++";
				CLANG_ENABLE_MODULES = YES;
				CLANG_ENABLE_OBJC_ARC = YES;
				CLANG_WARN_BLOCK_CAPTURE_AUTORELEASING = YES;
				CLANG_WARN_BOOL_CONVERSION = YES;
				CLANG_WARN_COMMA = YES;
				CLANG_WARN_CONSTANT_CONVERSION = YES;
				CLANG_WARN_DIRECT_OBJC_ISA_USAGE = YES_ERROR;
				CLANG_WARN_DOCUMENTATION_COMMENTS = YES;
				CLANG_WARN_EMPTY_BODY = YES;
				CLANG_WARN_ENUM_CONVERSION = YES;
				CLANG_WARN_INFINITE_RECURSION = YES;
				CLANG_WARN_INT_CONVERSION = YES;
				CLANG_WARN_NON_LITERAL_NULL_CONVERSION = YES;
				CLANG_WARN_OBJC_LITERAL_CONVERSION = YES;
				CLANG_WARN_OBJC_ROOT_CLASS = YES_ERROR;
				CLANG_WARN_RANGE_LOOP_ANALYSIS = YES;
				CLANG_WARN_STRICT_PROTOTYPES = YES;
				CLANG_WARN_SUSPICIOUS_MOVE = YES;
				CLANG_WARN_UNGUARDED_AVAILABILITY = YES_AGGRESSIVE;
				CLANG_WARN_UNREACHABLE_CODE = YES;
				CLANG_WARN__DUPLICATE_METHOD_MATCH = YES;
				CODE_SIGN_IDENTITY = "iPhone Developer";
				COPY_PHASE_STRIP = NO;
				DEBUG_INFORMATION_FORMAT = dwarf;
				ENABLE_STRICT_OBJC_MSGSEND = YES;
				ENABLE_TESTABILITY = YES;
				GCC_C_LANGUAGE_STANDARD = gnu11;
				GCC_DYNAMIC_NO_PIC = NO;
				GCC_NO_COMMON_BLOCKS = YES;
				GCC_OPTIMIZATION_LEVEL = 0;
				GCC_PREPROCESSOR_DEFINITIONS = (
					"DEBUG=1",
					"$(inherited)",
				);
				GCC_WARN_64_TO_32_BIT_CONVERSION = YES;
				GCC_WARN_ABOUT_RETURN_TYPE = YES_ERROR;
				GCC_WARN_UNDECLARED_SELECTOR = YES;
				GCC_WARN_UNINITIALIZED_AUTOS = YES_AGGRESSIVE;
				GCC_WARN_UNUSED_FUNCTION = YES;
				GCC_WARN_UNUSED_VARIABLE = YES;
				IPHONEOS_DEPLOYMENT_TARGET = 11.2;
				MTL_ENABLE_DEBUG_INFO = YES;
				ONLY_ACTIVE_ARCH = YES;
				SDKROOT = iphoneos;
				SWIFT_ACTIVE_COMPILATION_CONDITIONS = DEBUG;
				SWIFT_OPTIMIZATION_LEVEL = "-Onone";
			};
			name = Debug;
		};
		D798B156203B4A34008753F8 /* Release */ = {
			isa = XCBuildConfiguration;
			buildSettings = {
				ALWAYS_SEARCH_USER_PATHS = NO;
				CLANG_ANALYZER_NONNULL = YES;
				CLANG_ANALYZER_NUMBER_OBJECT_CONVERSION = YES_AGGRESSIVE;
				CLANG_CXX_LANGUAGE_STANDARD = "gnu++14";
				CLANG_CXX_LIBRARY = "libc++";
				CLANG_ENABLE_MODULES = YES;
				CLANG_ENABLE_OBJC_ARC = YES;
				CLANG_WARN_BLOCK_CAPTURE_AUTORELEASING = YES;
				CLANG_WARN_BOOL_CONVERSION = YES;
				CLANG_WARN_COMMA = YES;
				CLANG_WARN_CONSTANT_CONVERSION = YES;
				CLANG_WARN_DIRECT_OBJC_ISA_USAGE = YES_ERROR;
				CLANG_WARN_DOCUMENTATION_COMMENTS = YES;
				CLANG_WARN_EMPTY_BODY = YES;
				CLANG_WARN_ENUM_CONVERSION = YES;
				CLANG_WARN_INFINITE_RECURSION = YES;
				CLANG_WARN_INT_CONVERSION = YES;
				CLANG_WARN_NON_LITERAL_NULL_CONVERSION = YES;
				CLANG_WARN_OBJC_LITERAL_CONVERSION = YES;
				CLANG_WARN_OBJC_ROOT_CLASS = YES_ERROR;
				CLANG_WARN_RANGE_LOOP_ANALYSIS = YES;
				CLANG_WARN_STRICT_PROTOTYPES = YES;
				CLANG_WARN_SUSPICIOUS_MOVE = YES;
				CLANG_WARN_UNGUARDED_AVAILABILITY = YES_AGGRESSIVE;
				CLANG_WARN_UNREACHABLE_CODE = YES;
				CLANG_WARN__DUPLICATE_METHOD_MATCH = YES;
				CODE_SIGN_IDENTITY = "iPhone Developer";
				COPY_PHASE_STRIP = NO;
				DEBUG_INFORMATION_FORMAT = "dwarf-with-dsym";
				ENABLE_NS_ASSERTIONS = NO;
				ENABLE_STRICT_OBJC_MSGSEND = YES;
				GCC_C_LANGUAGE_STANDARD = gnu11;
				GCC_NO_COMMON_BLOCKS = YES;
				GCC_WARN_64_TO_32_BIT_CONVERSION = YES;
				GCC_WARN_ABOUT_RETURN_TYPE = YES_ERROR;
				GCC_WARN_UNDECLARED_SELECTOR = YES;
				GCC_WARN_UNINITIALIZED_AUTOS = YES_AGGRESSIVE;
				GCC_WARN_UNUSED_FUNCTION = YES;
				GCC_WARN_UNUSED_VARIABLE = YES;
				IPHONEOS_DEPLOYMENT_TARGET = 11.2;
				MTL_ENABLE_DEBUG_INFO = NO;
				SDKROOT = iphoneos;
				SWIFT_OPTIMIZATION_LEVEL = "-Owholemodule";
				VALIDATE_PRODUCT = YES;
			};
			name = Release;
		};
		D798B158203B4A34008753F8 /* Debug */ = {
			isa = XCBuildConfiguration;
			buildSettings = {
				ASSETCATALOG_COMPILER_APPICON_NAME = AppIcon;
				CODE_SIGN_STYLE = Automatic;
				DEVELOPMENT_TEAM = R6NR75YV7D;
				INFOPLIST_FILE = NorthGeorgiaHonda/Info.plist;
				LD_RUNPATH_SEARCH_PATHS = "$(inherited) @executable_path/Frameworks";
				PRODUCT_BUNDLE_IDENTIFIER = edu.ung.csci3660.sample0.NorthGeorgiaHonda;
				PRODUCT_NAME = "$(TARGET_NAME)";
				SWIFT_VERSION = 4.0;
				TARGETED_DEVICE_FAMILY = "1,2";
			};
			name = Debug;
		};
		D798B159203B4A34008753F8 /* Release */ = {
			isa = XCBuildConfiguration;
			buildSettings = {
				ASSETCATALOG_COMPILER_APPICON_NAME = AppIcon;
				CODE_SIGN_STYLE = Automatic;
				DEVELOPMENT_TEAM = R6NR75YV7D;
				INFOPLIST_FILE = NorthGeorgiaHonda/Info.plist;
				LD_RUNPATH_SEARCH_PATHS = "$(inherited) @executable_path/Frameworks";
				PRODUCT_BUNDLE_IDENTIFIER = edu.ung.csci3660.sample0.NorthGeorgiaHonda;
				PRODUCT_NAME = "$(TARGET_NAME)";
				SWIFT_VERSION = 4.0;
				TARGETED_DEVICE_FAMILY = "1,2";
			};
			name = Release;
		};
/* End XCBuildConfiguration section */

/* Begin XCConfigurationList section */
		D798B13D203B4A33008753F8 /* Build configuration list for PBXProject "NorthGeorgiaHonda" */ = {
			isa = XCConfigurationList;
			buildConfigurations = (
				D798B155203B4A34008753F8 /* Debug */,
				D798B156203B4A34008753F8 /* Release */,
			);
			defaultConfigurationIsVisible = 0;
			defaultConfigurationName = Release;
		};
		D798B157203B4A34008753F8 /* Build configuration list for PBXNativeTarget "NorthGeorgiaHonda" */ = {
			isa = XCConfigurationList;
			buildConfigurations = (
				D798B158203B4A34008753F8 /* Debug */,
				D798B159203B4A34008753F8 /* Release */,
			);
			defaultConfigurationIsVisible = 0;
			defaultConfigurationName = Release;
		};
/* End XCConfigurationList section */

/* Begin XCVersionGroup section */
		D798B14C203B4A34008753F8 /* NorthGeorgiaHonda.xcdatamodeld */ = {
			isa = XCVersionGroup;
			children = (
				D798B14D203B4A34008753F8 /* NorthGeorgiaHonda.xcdatamodel */,
			);
			currentVersion = D798B14D203B4A34008753F8 /* NorthGeorgiaHonda.xcdatamodel */;
			path = NorthGeorgiaHonda.xcdatamodeld;
			sourceTree = "<group>";
			versionGroupType = wrapper.xcdatamodel;
		};
/* End XCVersionGroup section */
	};
	rootObject = D798B13A203B4A33008753F8 /* Project object */;
}
